
Microsoft Visual Studio Solution File, Format Version 12.00
# Visual Studio Version 16
VisualStudioVersion = 16.0.29123.88
MinimumVisualStudioVersion = 10.0.40219.1
Project("{FAE04EC0-301F-11D3-BF4B-00C04F79EFBC}") = "ConsoleApp1", "ConsoleApp1\ConsoleApp1.csproj", "{86F03D3C-108A-4070-A19E-B5FF03FC3545}"
EndProject
Project("{FAE04EC0-301F-11D3-BF4B-00C04F79EFBC}") = "Number 1", "Number 1\Number 1.csproj", "{9603ECB0-499C-4A58-816B-A8C4D6567326}"
EndProject
Project("{FAE04EC0-301F-11D3-BF4B-00C04F79EFBC}") = "Number 2", "MiniCalcul\Number 2.csproj", "{ABA18E48-067B-4D5F-AFDA-D60808BB9C03}"
EndProject
Project("{FAE04EC0-301F-11D3-BF4B-00C04F79EFBC}") = "Number 4", "Number 4\Number 4.csproj", "{ED8E9936-C2E4-4AEA-9501-E2A328C77B46}"
EndProject
Project("{FAE04EC0-301F-11D3-BF4B-00C04F79EFBC}") = "Number 5", "ALEA\Number 5.csproj", "{E6BFE43E-ED6B-460D-9EAA-9DD878489BB6}"
EndProject
Project("{FAE04EC0-301F-11D3-BF4B-00C04F79EFBC}") = "Number 10", "Serialiser\Number 10.csproj", "{F0527919-7157-43DB-A52A-247DA44AB628}"
EndProject
Project("{FAE04EC0-301F-11D3-BF4B-00C04F79EFBC}") = "Number Bonus", "Number Bonus\Number Bonus.csproj", "{5EA496FE-9F8F-4677-B663-3C9299A34C56}"
EndProject
Global
	GlobalSection(SolutionConfigurationPlatforms) = preSolution
		Debug|Any CPU = Debug|Any CPU
		Release|Any CPU = Release|Any CPU
	EndGlobalSection
	GlobalSection(ProjectConfigurationPlatforms) = postSolution
		{86F03D3C-108A-4070-A19E-B5FF03FC3545}.Debug|Any CPU.ActiveCfg = Debug|Any CPU
		{86F03D3C-108A-4070-A19E-B5FF03FC3545}.Debug|Any CPU.Build.0 = Debug|Any CPU
		{86F03D3C-108A-4070-A19E-B5FF03FC3545}.Release|Any CPU.ActiveCfg = Release|Any CPU
		{86F03D3C-108A-4070-A19E-B5FF03FC3545}.Release|Any CPU.Build.0 = Release|Any CPU
		{9603ECB0-499C-4A58-816B-A8C4D6567326}.Debug|Any CPU.ActiveCfg = Debug|Any CPU
		{9603ECB0-499C-4A58-816B-A8C4D6567326}.Debug|Any CPU.Build.0 = Debug|Any CPU
		{9603ECB0-499C-4A58-816B-A8C4D6567326}.Release|Any CPU.ActiveCfg = Release|Any CPU
		{9603ECB0-499C-4A58-816B-A8C4D6567326}.Release|Any CPU.Build.0 = Release|Any CPU
		{ABA18E48-067B-4D5F-AFDA-D60808BB9C03}.Debug|Any CPU.ActiveCfg = Debug|Any CPU
		{ABA18E48-067B-4D5F-AFDA-D60808BB9C03}.Debug|Any CPU.Build.0 = Debug|Any CPU
		{ABA18E48-067B-4D5F-AFDA-D60808BB9C03}.Release|Any CPU.ActiveCfg = Release|Any CPU
		{ABA18E48-067B-4D5F-AFDA-D60808BB9C03}.Release|Any CPU.Build.0 = Release|Any CPU
		{ED8E9936-C2E4-4AEA-9501-E2A328C77B46}.Debug|Any CPU.ActiveCfg = Debug|Any CPU
		{ED8E9936-C2E4-4AEA-9501-E2A328C77B46}.Debug|Any CPU.Build.0 = Debug|Any CPU
		{ED8E9936-C2E4-4AEA-9501-E2A328C77B46}.Release|Any CPU.ActiveCfg = Release|Any CPU
		{ED8E9936-C2E4-4AEA-9501-E2A328C77B46}.Release|Any CPU.Build.0 = Release|Any CPU
		{E6BFE43E-ED6B-460D-9EAA-9DD878489BB6}.Debug|Any CPU.ActiveCfg = Debug|Any CPU
		{E6BFE43E-ED6B-460D-9EAA-9DD878489BB6}.Debug|Any CPU.Build.0 = Debug|Any CPU
		{E6BFE43E-ED6B-460D-9EAA-9DD878489BB6}.Release|Any CPU.ActiveCfg = Release|Any CPU
		{E6BFE43E-ED6B-460D-9EAA-9DD878489BB6}.Release|Any CPU.Build.0 = Release|Any CPU
		{F0527919-7157-43DB-A52A-247DA44AB628}.Debug|Any CPU.ActiveCfg = Debug|Any CPU
		{F0527919-7157-43DB-A52A-247DA44AB628}.Debug|Any CPU.Build.0 = Debug|Any CPU
		{F0527919-7157-43DB-A52A-247DA44AB628}.Release|Any CPU.ActiveCfg = Release|Any CPU
		{F0527919-7157-43DB-A52A-247DA44AB628}.Release|Any CPU.Build.0 = Release|Any CPU
		{5EA496FE-9F8F-4677-B663-3C9299A34C56}.Debug|Any CPU.ActiveCfg = Debug|Any CPU
		{5EA496FE-9F8F-4677-B663-3C9299A34C56}.Debug|Any CPU.Build.0 = Debug|Any CPU
		{5EA496FE-9F8F-4677-B663-3C9299A34C56}.Release|Any CPU.ActiveCfg = Release|Any CPU
		{5EA496FE-9F8F-4677-B663-3C9299A34C56}.Release|Any CPU.Build.0 = Release|Any CPU
	EndGlobalSection
	GlobalSection(SolutionProperties) = preSolution
		HideSolutionNode = FALSE
	EndGlobalSection
	GlobalSection(ExtensibilityGlobals) = postSolution
		SolutionGuid = {5E8A25F7-412A-4A2F-9FBD-DF42CA624D11}
	EndGlobalSection
EndGlobal
