
Microsoft Visual Studio Solution File, Format Version 12.00
# Visual Studio Version 16
VisualStudioVersion = 16.0.29123.88
MinimumVisualStudioVersion = 10.0.40219.1
Project("{FAE04EC0-301F-11D3-BF4B-00C04F79EFBC}") = "ConsoleApp1", "ConsoleApp1\ConsoleApp1.csproj", "{86F03D3C-108A-4070-A19E-B5FF03FC3545}"
EndProject
Project("{FAE04EC0-301F-11D3-BF4B-00C04F79EFBC}") = "Numero3", "Numero3\Numero3.csproj", "{A8F8AFE2-9B7C-47D7-8E05-CF3BEE8010E4}"
EndProject
Project("{FAE04EC0-301F-11D3-BF4B-00C04F79EFBC}") = "Numero6", "Numero6\Numero6.csproj", "{1FE4C207-F77A-4A28-8505-17E027321324}"
EndProject
Project("{FAE04EC0-301F-11D3-BF4B-00C04F79EFBC}") = "ProduitNumero9", "ProduitNumero9\ProduitNumero9.csproj", "{E33E9143-E4D9-4696-AF50-7518D16032A3}"
EndProject
Global
	GlobalSection(SolutionConfigurationPlatforms) = preSolution
		Debug|Any CPU = Debug|Any CPU
		Release|Any CPU = Release|Any CPU
	EndGlobalSection
	GlobalSection(ProjectConfigurationPlatforms) = postSolution
		{86F03D3C-108A-4070-A19E-B5FF03FC3545}.Debug|Any CPU.ActiveCfg = Debug|Any CPU
		{86F03D3C-108A-4070-A19E-B5FF03FC3545}.Debug|Any CPU.Build.0 = Debug|Any CPU
		{86F03D3C-108A-4070-A19E-B5FF03FC3545}.Release|Any CPU.ActiveCfg = Release|Any CPU
		{86F03D3C-108A-4070-A19E-B5FF03FC3545}.Release|Any CPU.Build.0 = Release|Any CPU
		{A8F8AFE2-9B7C-47D7-8E05-CF3BEE8010E4}.Debug|Any CPU.ActiveCfg = Debug|Any CPU
		{A8F8AFE2-9B7C-47D7-8E05-CF3BEE8010E4}.Debug|Any CPU.Build.0 = Debug|Any CPU
		{A8F8AFE2-9B7C-47D7-8E05-CF3BEE8010E4}.Release|Any CPU.ActiveCfg = Release|Any CPU
		{A8F8AFE2-9B7C-47D7-8E05-CF3BEE8010E4}.Release|Any CPU.Build.0 = Release|Any CPU
		{1FE4C207-F77A-4A28-8505-17E027321324}.Debug|Any CPU.ActiveCfg = Debug|Any CPU
		{1FE4C207-F77A-4A28-8505-17E027321324}.Debug|Any CPU.Build.0 = Debug|Any CPU
		{1FE4C207-F77A-4A28-8505-17E027321324}.Release|Any CPU.ActiveCfg = Release|Any CPU
		{1FE4C207-F77A-4A28-8505-17E027321324}.Release|Any CPU.Build.0 = Release|Any CPU
		{E33E9143-E4D9-4696-AF50-7518D16032A3}.Debug|Any CPU.ActiveCfg = Debug|Any CPU
		{E33E9143-E4D9-4696-AF50-7518D16032A3}.Debug|Any CPU.Build.0 = Debug|Any CPU
		{E33E9143-E4D9-4696-AF50-7518D16032A3}.Release|Any CPU.ActiveCfg = Release|Any CPU
		{E33E9143-E4D9-4696-AF50-7518D16032A3}.Release|Any CPU.Build.0 = Release|Any CPU
	EndGlobalSection
	GlobalSection(SolutionProperties) = preSolution
		HideSolutionNode = FALSE
	EndGlobalSection
	GlobalSection(ExtensibilityGlobals) = postSolution
		SolutionGuid = {5E8A25F7-412A-4A2F-9FBD-DF42CA624D11}
	EndGlobalSection
EndGlobal
